
Microsoft Visual Studio Solution File, Format Version 12.00
# Visual Studio Version 17
VisualStudioVersion = 17.14.36414.22 d17.14
MinimumVisualStudioVersion = 10.0.40219.1
Project("{FAE04EC0-301F-11D3-BF4B-00C04F79EFBC}") = "DoclingSharp", "DoclingSharp\DoclingSharp.csproj", "{55A18866-A2A1-427C-98C7-1ABC2A970647}"
EndProject
Global
	GlobalSection(SolutionConfigurationPlatforms) = preSolution
		Debug|Any CPU = Debug|Any CPU
		Release|Any CPU = Release|Any CPU
	EndGlobalSection
	GlobalSection(ProjectConfigurationPlatforms) = postSolution
		{55A18866-A2A1-427C-98C7-1ABC2A970647}.Debug|Any CPU.ActiveCfg = Debug|Any CPU
		{55A18866-A2A1-427C-98C7-1ABC2A970647}.Debug|Any CPU.Build.0 = Debug|Any CPU
		{55A18866-A2A1-427C-98C7-1ABC2A970647}.Release|Any CPU.ActiveCfg = Release|Any CPU
		{55A18866-A2A1-427C-98C7-1ABC2A970647}.Release|Any CPU.Build.0 = Release|Any CPU
	EndGlobalSection
	GlobalSection(SolutionProperties) = preSolution
		HideSolutionNode = FALSE
	EndGlobalSection
	GlobalSection(ExtensibilityGlobals) = postSolution
		SolutionGuid = {7271EFC1-E7A6-4477-A7CB-7590B7D82AAC}
	EndGlobalSection
EndGlobal
